<?xml version="1.0" encoding="utf-8"?>
<Project ToolsVersion="4.0" xmlns="http://schemas.microsoft.com/developer/msbuild/2003">
  <ItemGroup>
    <Filter Include="Src">
      <UniqueIdentifier>{0D23880B-792C-887C-02A8-9E7C6EB0937C}</UniqueIdentifier>
    </Filter>
    <Filter Include="Src\Assets">
      <UniqueIdentifier>{4FD9EC83-3B91-2ED1-A498-072D906FC9C1}</UniqueIdentifier>
    </Filter>
    <Filter Include="Src\Assets\Formats">
      <UniqueIdentifier>{FA62D895-E646-99EB-4FA7-933E3BAA836D}</UniqueIdentifier>
    </Filter>
    <Filter Include="Src\Core">
      <UniqueIdentifier>{8537E246-7104-3D52-9A1D-2BFA864972E0}</UniqueIdentifier>
    </Filter>
    <Filter Include="Src\Debug">
      <UniqueIdentifier>{43833523-AFED-E999-F82B-9B3F64D5C7EE}</UniqueIdentifier>
    </Filter>
    <Filter Include="Src\Graphics">
      <UniqueIdentifier>{EDA9DC45-D90C-6CEA-8292-A4A06ED4376D}</UniqueIdentifier>
    </Filter>
    <Filter Include="Src\Graphics\OpenGl">
      <UniqueIdentifier>{A14633A7-0DA8-10B5-9615-576702764774}</UniqueIdentifier>
    </Filter>
    <Filter Include="Src\Input">
      <UniqueIdentifier>{CC289523-3893-499A-81D1-FA3FED7A27EF}</UniqueIdentifier>
    </Filter>
    <Filter Include="Src\Math">
      <UniqueIdentifier>{0678E746-F244-4252-1B5E-30FA078A77E0}</UniqueIdentifier>
    </Filter>
    <Filter Include="Src\Renderer">
      <UniqueIdentifier>{532574A1-3F88-0346-E80D-3CFCD44FCFC8}</UniqueIdentifier>
    </Filter>
    <Filter Include="Src\Renderer\MeshRenderer">
      <UniqueIdentifier>{66EA53FC-D2AC-8786-1B5D-1613875E6064}</UniqueIdentifier>
    </Filter>
    <Filter Include="Src\Scene">
      <UniqueIdentifier>{EAE54324-5650-F89A-9F8E-A9400B38D6EF}</UniqueIdentifier>
    </Filter>
    <Filter Include="Src\Utils">
      <UniqueIdentifier>{2D7A7124-99E4-259B-E222-D7404ECC03F0}</UniqueIdentifier>
    </Filter>
    <Filter Include="Src\Window">
      <UniqueIdentifier>{549F86B6-4057-C803-A95E-A15F953563F4}</UniqueIdentifier>
    </Filter>
    <Filter Include="Src\Window\GLFW">
      <UniqueIdentifier>{130FEE65-7F9A-5B2A-88AB-DE1EF4B5B72A}</UniqueIdentifier>
    </Filter>
    <Filter Include="Vendor">
      <UniqueIdentifier>{935FDCD7-7F01-07AE-68BC-1A0254FD8DFE}</UniqueIdentifier>
    </Filter>
    <Filter Include="Vendor\Stb">
      <UniqueIdentifier>{4B277327-37DF-B474-A0E6-8DD08CBD4F65}</UniqueIdentifier>
    </Filter>
  </ItemGroup>
  <ItemGroup>
    <ClInclude Include="Src\Assets\AssetManager.hpp">
      <Filter>Src\Assets</Filter>
    </ClInclude>
    <ClInclude Include="Src\Assets\AssetRead.hpp">
      <Filter>Src\Assets</Filter>
    </ClInclude>
    <ClInclude Include="Src\Assets\DefaultAssets.hpp">
      <Filter>Src\Assets</Filter>
    </ClInclude>
    <ClInclude Include="Src\Assets\Formats\MeshAsset.hpp">
      <Filter>Src\Assets\Formats</Filter>
    </ClInclude>
    <ClInclude Include="Src\Assets\Formats\SceneAsset.hpp">
      <Filter>Src\Assets\Formats</Filter>
    </ClInclude>
    <ClInclude Include="Src\Assets\Formats\SceneObjAsset.hpp">
      <Filter>Src\Assets\Formats</Filter>
    </ClInclude>
    <ClInclude Include="Src\Assets\Formats\ShaderAsset.hpp">
      <Filter>Src\Assets\Formats</Filter>
    </ClInclude>
    <ClInclude Include="Src\Assets\Formats\TexAsset.hpp">
      <Filter>Src\Assets\Formats</Filter>
    </ClInclude>
    <ClInclude Include="Src\Assets\Formats\WindowAsset.hpp">
      <Filter>Src\Assets\Formats</Filter>
    </ClInclude>
    <ClInclude Include="Src\Core\Application.hpp">
      <Filter>Src\Core</Filter>
    </ClInclude>
    <ClInclude Include="Src\Core\Constructor.hpp">
      <Filter>Src\Core</Filter>
    </ClInclude>
    <ClInclude Include="Src\Core\Core.hpp">
      <Filter>Src\Core</Filter>
    </ClInclude>
    <ClInclude Include="Src\Core\PtObj.hpp">
      <Filter>Src\Core</Filter>
    </ClInclude>
    <ClInclude Include="Src\Debug\Console.hpp">
      <Filter>Src\Debug</Filter>
    </ClInclude>
    <ClInclude Include="Src\Debug\DebugMsg.hpp">
      <Filter>Src\Debug</Filter>
    </ClInclude>
    <ClInclude Include="Src\Debug\Debugstream.hpp">
      <Filter>Src\Debug</Filter>
    </ClInclude>
    <ClInclude Include="Src\Graphics\GraphicsAPI.hpp">
      <Filter>Src\Graphics</Filter>
    </ClInclude>
    <ClInclude Include="Src\Graphics\MeshVertex.hpp">
      <Filter>Src\Graphics</Filter>
    </ClInclude>
    <ClInclude Include="Src\Graphics\OpenGl\IndexBuffer_OPENGL.hpp">
      <Filter>Src\Graphics\OpenGl</Filter>
    </ClInclude>
    <ClInclude Include="Src\Graphics\OpenGl\Shader_OPENGL.hpp">
      <Filter>Src\Graphics\OpenGl</Filter>
    </ClInclude>
    <ClInclude Include="Src\Graphics\OpenGl\Texture_OPENGL.hpp">
      <Filter>Src\Graphics\OpenGl</Filter>
    </ClInclude>
    <ClInclude Include="Src\Graphics\OpenGl\VertexArray_OPENGL.hpp">
      <Filter>Src\Graphics\OpenGl</Filter>
    </ClInclude>
    <ClInclude Include="Src\Graphics\OpenGl\VertexBuffer_OPENGL.hpp">
      <Filter>Src\Graphics\OpenGl</Filter>
    </ClInclude>
    <ClInclude Include="Src\Graphics\VertexBufferLayout.hpp">
      <Filter>Src\Graphics</Filter>
    </ClInclude>
    <ClInclude Include="Src\Input\Event.hpp">
      <Filter>Src\Input</Filter>
    </ClInclude>
    <ClInclude Include="Src\Input\Input.hpp">
      <Filter>Src\Input</Filter>
    </ClInclude>
    <ClInclude Include="Src\Math\Arithmetic.hpp">
      <Filter>Src\Math</Filter>
    </ClInclude>
    <ClInclude Include="Src\Math\Constants.hpp">
      <Filter>Src\Math</Filter>
    </ClInclude>
    <ClInclude Include="Src\Math\Matrix.hpp">
      <Filter>Src\Math</Filter>
    </ClInclude>
    <ClInclude Include="Src\Math\Noise.hpp">
      <Filter>Src\Math</Filter>
    </ClInclude>
    <ClInclude Include="Src\Math\Random.hpp">
      <Filter>Src\Math</Filter>
    </ClInclude>
    <ClInclude Include="Src\Math\Vector.hpp">
      <Filter>Src\Math</Filter>
    </ClInclude>
    <ClInclude Include="Src\ParrotScript.hpp">
      <Filter>Src</Filter>
    </ClInclude>
    <ClInclude Include="Src\ParrotSetup.hpp">
      <Filter>Src</Filter>
    </ClInclude>
    <ClInclude Include="Src\Ptpch.hpp">
      <Filter>Src</Filter>
    </ClInclude>
    <ClInclude Include="Src\Renderer\MeshRenderer\MeshRenderer.hpp">
      <Filter>Src\Renderer\MeshRenderer</Filter>
    </ClInclude>
    <ClInclude Include="Src\Scene\Components.hpp">
      <Filter>Src\Scene</Filter>
    </ClInclude>
    <ClInclude Include="Src\Scene\Scene.hpp">
      <Filter>Src\Scene</Filter>
    </ClInclude>
    <ClInclude Include="Src\Scene\SceneObj.hpp">
      <Filter>Src\Scene</Filter>
    </ClInclude>
    <ClInclude Include="Src\Utils\Filepath.hpp">
      <Filter>Src\Utils</Filter>
    </ClInclude>
    <ClInclude Include="Src\Utils\Filestream.hpp">
      <Filter>Src\Utils</Filter>
    </ClInclude>
    <ClInclude Include="Src\Utils\Folder.hpp">
      <Filter>Src\Utils</Filter>
    </ClInclude>
    <ClInclude Include="Src\Utils\Stopwatch.hpp">
      <Filter>Src\Utils</Filter>
    </ClInclude>
    <ClInclude Include="Src\Window\GLFW\Window_GLFW.hpp">
      <Filter>Src\Window\GLFW</Filter>
    </ClInclude>
    <ClInclude Include="Src\Window\Window.hpp">
      <Filter>Src\Window</Filter>
    </ClInclude>
    <ClInclude Include="Vendor\Stb\stb_image.h">
      <Filter>Vendor\Stb</Filter>
    </ClInclude>
  </ItemGroup>
  <ItemGroup>
    <ClCompile Include="Src\Assets\AssetManager.cpp">
      <Filter>Src\Assets</Filter>
    </ClCompile>
    <ClCompile Include="Src\Assets\AssetRead.cpp">
      <Filter>Src\Assets</Filter>
    </ClCompile>
    <ClCompile Include="Src\Assets\DefaultAssets.cpp">
      <Filter>Src\Assets</Filter>
    </ClCompile>
    <ClCompile Include="Src\Assets\Formats\MeshAsset.cpp">
      <Filter>Src\Assets\Formats</Filter>
    </ClCompile>
    <ClCompile Include="Src\Assets\Formats\SceneAsset.cpp">
      <Filter>Src\Assets\Formats</Filter>
    </ClCompile>
    <ClCompile Include="Src\Assets\Formats\SceneObjAsset.cpp">
      <Filter>Src\Assets\Formats</Filter>
    </ClCompile>
    <ClCompile Include="Src\Assets\Formats\ShaderAsset.cpp">
      <Filter>Src\Assets\Formats</Filter>
    </ClCompile>
    <ClCompile Include="Src\Assets\Formats\TexAsset.cpp">
      <Filter>Src\Assets\Formats</Filter>
    </ClCompile>
    <ClCompile Include="Src\Assets\Formats\WindowAsset.cpp">
      <Filter>Src\Assets\Formats</Filter>
    </ClCompile>
    <ClCompile Include="Src\Core\Application.cpp">
      <Filter>Src\Core</Filter>
    </ClCompile>
    <ClCompile Include="Src\Core\Constructors.cpp">
      <Filter>Src\Core</Filter>
    </ClCompile>
    <ClCompile Include="Src\Core\PtObj.cpp">
      <Filter>Src\Core</Filter>
    </ClCompile>
    <ClCompile Include="Src\Debug\Console.cpp">
      <Filter>Src\Debug</Filter>
    </ClCompile>
    <ClCompile Include="Src\Debug\DebugMsg.cpp">
      <Filter>Src\Debug</Filter>
    </ClCompile>
    <ClCompile Include="Src\Debug\Debugstream.cpp">
      <Filter>Src\Debug</Filter>
    </ClCompile>
    <ClCompile Include="Src\Graphics\GraphicsAPI.cpp">
      <Filter>Src\Graphics</Filter>
    </ClCompile>
    <ClCompile Include="Src\Graphics\OpenGl\IndexBuffer_OPENGL.cpp">
      <Filter>Src\Graphics\OpenGl</Filter>
    </ClCompile>
    <ClCompile Include="Src\Graphics\OpenGl\Shader_OPENGL.cpp">
      <Filter>Src\Graphics\OpenGl</Filter>
    </ClCompile>
    <ClCompile Include="Src\Graphics\OpenGl\Texture_OPENGL.cpp">
      <Filter>Src\Graphics\OpenGl</Filter>
    </ClCompile>
    <ClCompile Include="Src\Graphics\OpenGl\VertexArray_OPENGL.cpp">
      <Filter>Src\Graphics\OpenGl</Filter>
    </ClCompile>
    <ClCompile Include="Src\Graphics\OpenGl\VertexBuffer_OPENGL.cpp">
      <Filter>Src\Graphics\OpenGl</Filter>
    </ClCompile>
    <ClCompile Include="Src\Input\Input.cpp">
      <Filter>Src\Input</Filter>
    </ClCompile>
    <ClCompile Include="Src\Math\Noise.cpp">
      <Filter>Src\Math</Filter>
    </ClCompile>
    <ClCompile Include="Src\Math\Random.cpp">
      <Filter>Src\Math</Filter>
    </ClCompile>
    <ClCompile Include="Src\Ptpch.cpp">
      <Filter>Src</Filter>
    </ClCompile>
    <ClCompile Include="Src\Renderer\MeshRenderer\MeshRenderer.cpp">
      <Filter>Src\Renderer\MeshRenderer</Filter>
    </ClCompile>
    <ClCompile Include="Src\Scene\Components.cpp">
      <Filter>Src\Scene</Filter>
    </ClCompile>
    <ClCompile Include="Src\Scene\Scene.cpp">
      <Filter>Src\Scene</Filter>
    </ClCompile>
    <ClCompile Include="Src\Scene\SceneObj.cpp">
      <Filter>Src\Scene</Filter>
    </ClCompile>
    <ClCompile Include="Src\Utils\Filepath.cpp">
      <Filter>Src\Utils</Filter>
    </ClCompile>
    <ClCompile Include="Src\Utils\Filestream.cpp">
      <Filter>Src\Utils</Filter>
    </ClCompile>
    <ClCompile Include="Src\Utils\Folder.cpp">
      <Filter>Src\Utils</Filter>
    </ClCompile>
    <ClCompile Include="Src\Utils\Stopwatch.cpp">
      <Filter>Src\Utils</Filter>
    </ClCompile>
    <ClCompile Include="Src\Window\GLFW\Window_GLFW.cpp">
      <Filter>Src\Window\GLFW</Filter>
    </ClCompile>
    <ClCompile Include="Src\Window\Window.cpp">
      <Filter>Src\Window</Filter>
    </ClCompile>
    <ClCompile Include="Vendor\Stb\stb_image.cpp">
      <Filter>Vendor\Stb</Filter>
    </ClCompile>
  </ItemGroup>
</Project>