<?xml version="1.0" encoding="utf-8"?>
<Project ToolsVersion="4.0" xmlns="http://schemas.microsoft.com/developer/msbuild/2003">
  <ItemGroup>
    <Filter Include="ExampleWorld">
      <UniqueIdentifier>{99F109F7-8554-999B-2EDA-D1511A1C651E}</UniqueIdentifier>
    </Filter>
    <Filter Include="StandardScripts">
      <UniqueIdentifier>{9EB5B02B-0A41-1EF0-1352-A1E47F5C7AF0}</UniqueIdentifier>
    </Filter>
  </ItemGroup>
  <ItemGroup>
    <ClInclude Include="Src\ExampleWorld\TerrainGen.hpp">
      <Filter>ExampleWorld</Filter>
    </ClInclude>
    <ClInclude Include="Src\NoiseTesting.hpp" />
    <ClInclude Include="Src\StandardScripts\Controller3D.hpp">
      <Filter>StandardScripts</Filter>
    </ClInclude>
  </ItemGroup>
  <ItemGroup>
    <ClCompile Include="Src\OnCreate.cpp" />
  </ItemGroup>
</Project>